<Solution>
  <Folder Name="/Contracts/">
    <Project Path="Triplog.Contracts/Triplog.Contracts.csproj" />
  </Folder>
  <Folder Name="/docs/">
    <File Path="README.md" />
  </Folder>
  <Folder Name="/docs/decisions/">
    <File Path="ADR-001-monorepo.md" />
    <File Path="ADR-002-two-services.md" />
    <File Path="ADR-003-entry-aggregate.md" />
    <File Path="ADR-004-schema-per-service.md" />
    <File Path="ADR-005-saga-orchestration.md" />
    <File Path="ADR-006-no-auth-v1.md" />
    <File Path="ADR-007-time-injection.md" />
    <File Path="ADR-008-result-pattern.md" />
    <File Path="ADR-009-validation-throws-instead-of-result.md" />
  </Folder>
  <Folder Name="/Entries/">
    <Project Path="Triplog.Entries.Api/Triplog.Entries.Api.csproj" />
    <Project Path="Triplog.Entries.Application/Triplog.Entries.Application.csproj" />
    <Project Path="Triplog.Entries.Domain/Triplog.Entries.Domain.csproj" />
    <Project Path="Triplog.Entries.Infrastructure/Triplog.Entries.Infrastructure.csproj" />
  </Folder>
  <Folder Name="/Media/">
    <Project Path="Triplog.Media.Api/Triplog.Media.Api.csproj" />
    <Project Path="Triplog.Media.Application/Triplog.Media.Application.csproj" />
    <Project Path="Triplog.Media.Domain/Triplog.Media.Domain.csproj" />
    <Project Path="Triplog.Media.Infrastructure/Triplog.Media.Infrastructure.csproj" />
  </Folder>
  <Folder Name="/Solution Items/">
    <File Path=".gitignore" />
    <File Path="compose.local.yml" />
  </Folder>
  <Folder Name="/Tests/">
    <Project Path="Triplog.Entries.Domain.UnitTests/Triplog.Entries.Domain.UnitTests.csproj" />
    <Project Path="Triplog.Media.Domain.UnitTests/Triplog.Media.Domain.UnitTests.csproj" />
  </Folder>
  <Project Path="Triplog.AppHost/Triplog.AppHost.csproj" />
  <Project Path="Triplog.ServiceDefaults/Triplog.ServiceDefaults.csproj" />
</Solution>
